
Microsoft Visual Studio Solution File, Format Version 12.00
# Visual Studio 2013
VisualStudioVersion = 12.0.30501.0
MinimumVisualStudioVersion = 10.0.40219.1
Project("{8BC9CEB8-8B4A-11D0-8D11-00A0C91BC942}") = "Cv_1", "Cv_1\Cv_1.vcxproj", "{37B10415-E7FC-4E90-B5FD-F016A063F2A8}"
EndProject
Project("{8BC9CEB8-8B4A-11D0-8D11-00A0C91BC942}") = "EmployeeDBObj", "EmployeeDBObj\EmployeeDBObj.vcxproj", "{FCBC2493-5E51-4941-A3E3-643641814683}"
EndProject
Project("{8BC9CEB8-8B4A-11D0-8D11-00A0C91BC942}") = "XMLLite", "XMLLite\XMLLite.vcxproj", "{6E288202-9FAB-4F20-9D08-A7FE8269CC98}"
EndProject
Project("{8BC9CEB8-8B4A-11D0-8D11-00A0C91BC942}") = "ForeverAlone", "ForeverAlone\ForeverAlone.vcxproj", "{48A463D9-98C6-4F6F-8374-B55E778C467A}"
EndProject
Project("{8BC9CEB8-8B4A-11D0-8D11-00A0C91BC942}") = "Singleton", "Singleton\Singleton.vcxproj", "{8E96B31D-EEE9-4C2D-A36A-BF1E16B240FC}"
EndProject
Project("{8BC9CEB8-8B4A-11D0-8D11-00A0C91BC942}") = "KVZ", "KVZ\KVZ.vcxproj", "{B47BF889-035D-4136-B859-84E0B0D525A7}"
EndProject
Project("{8BC9CEB8-8B4A-11D0-8D11-00A0C91BC942}") = "Doktori", "Doktori\Doktori.vcxproj", "{602A9A26-4BE9-4138-8FEC-F8A2645730B8}"
EndProject
Project("{8BC9CEB8-8B4A-11D0-8D11-00A0C91BC942}") = "EventListener", "EventListener\EventListener.vcxproj", "{0A20BCD9-D3E3-49B1-8F62-7EF78F3C378F}"
EndProject
Global
	GlobalSection(SolutionConfigurationPlatforms) = preSolution
		Debug|Win32 = Debug|Win32
		Release|Win32 = Release|Win32
	EndGlobalSection
	GlobalSection(ProjectConfigurationPlatforms) = postSolution
		{37B10415-E7FC-4E90-B5FD-F016A063F2A8}.Debug|Win32.ActiveCfg = Debug|Win32
		{37B10415-E7FC-4E90-B5FD-F016A063F2A8}.Debug|Win32.Build.0 = Debug|Win32
		{37B10415-E7FC-4E90-B5FD-F016A063F2A8}.Release|Win32.ActiveCfg = Release|Win32
		{37B10415-E7FC-4E90-B5FD-F016A063F2A8}.Release|Win32.Build.0 = Release|Win32
		{FCBC2493-5E51-4941-A3E3-643641814683}.Debug|Win32.ActiveCfg = Debug|Win32
		{FCBC2493-5E51-4941-A3E3-643641814683}.Debug|Win32.Build.0 = Debug|Win32
		{FCBC2493-5E51-4941-A3E3-643641814683}.Release|Win32.ActiveCfg = Release|Win32
		{FCBC2493-5E51-4941-A3E3-643641814683}.Release|Win32.Build.0 = Release|Win32
		{6E288202-9FAB-4F20-9D08-A7FE8269CC98}.Debug|Win32.ActiveCfg = Debug|Win32
		{6E288202-9FAB-4F20-9D08-A7FE8269CC98}.Debug|Win32.Build.0 = Debug|Win32
		{6E288202-9FAB-4F20-9D08-A7FE8269CC98}.Release|Win32.ActiveCfg = Release|Win32
		{6E288202-9FAB-4F20-9D08-A7FE8269CC98}.Release|Win32.Build.0 = Release|Win32
		{48A463D9-98C6-4F6F-8374-B55E778C467A}.Debug|Win32.ActiveCfg = Debug|Win32
		{48A463D9-98C6-4F6F-8374-B55E778C467A}.Debug|Win32.Build.0 = Debug|Win32
		{48A463D9-98C6-4F6F-8374-B55E778C467A}.Release|Win32.ActiveCfg = Release|Win32
		{48A463D9-98C6-4F6F-8374-B55E778C467A}.Release|Win32.Build.0 = Release|Win32
		{8E96B31D-EEE9-4C2D-A36A-BF1E16B240FC}.Debug|Win32.ActiveCfg = Debug|Win32
		{8E96B31D-EEE9-4C2D-A36A-BF1E16B240FC}.Debug|Win32.Build.0 = Debug|Win32
		{8E96B31D-EEE9-4C2D-A36A-BF1E16B240FC}.Release|Win32.ActiveCfg = Release|Win32
		{8E96B31D-EEE9-4C2D-A36A-BF1E16B240FC}.Release|Win32.Build.0 = Release|Win32
		{B47BF889-035D-4136-B859-84E0B0D525A7}.Debug|Win32.ActiveCfg = Debug|Win32
		{B47BF889-035D-4136-B859-84E0B0D525A7}.Debug|Win32.Build.0 = Debug|Win32
		{B47BF889-035D-4136-B859-84E0B0D525A7}.Release|Win32.ActiveCfg = Release|Win32
		{B47BF889-035D-4136-B859-84E0B0D525A7}.Release|Win32.Build.0 = Release|Win32
		{602A9A26-4BE9-4138-8FEC-F8A2645730B8}.Debug|Win32.ActiveCfg = Debug|Win32
		{602A9A26-4BE9-4138-8FEC-F8A2645730B8}.Debug|Win32.Build.0 = Debug|Win32
		{602A9A26-4BE9-4138-8FEC-F8A2645730B8}.Release|Win32.ActiveCfg = Release|Win32
		{602A9A26-4BE9-4138-8FEC-F8A2645730B8}.Release|Win32.Build.0 = Release|Win32
		{0A20BCD9-D3E3-49B1-8F62-7EF78F3C378F}.Debug|Win32.ActiveCfg = Debug|Win32
		{0A20BCD9-D3E3-49B1-8F62-7EF78F3C378F}.Debug|Win32.Build.0 = Debug|Win32
		{0A20BCD9-D3E3-49B1-8F62-7EF78F3C378F}.Release|Win32.ActiveCfg = Release|Win32
		{0A20BCD9-D3E3-49B1-8F62-7EF78F3C378F}.Release|Win32.Build.0 = Release|Win32
	EndGlobalSection
	GlobalSection(SolutionProperties) = preSolution
		HideSolutionNode = FALSE
	EndGlobalSection
EndGlobal
